
Microsoft Visual Studio Solution File, Format Version 12.00
# Visual Studio Version 16
VisualStudioVersion = 16.0.31605.320
MinimumVisualStudioVersion = 10.0.40219.1
Project("{FAE04EC0-301F-11D3-BF4B-00C04F79EFBC}") = "curso.api", "curso.api\curso.api.csproj", "{3F44B3AA-50A4-49CF-B567-EF0BF44AE5C4}"
EndProject
Project("{2150E333-8FDC-42A3-9474-1A3956D46DE8}") = "Solution Items", "Solution Items", "{926550FD-200C-485F-BBD7-748C8908F732}"
	ProjectSection(SolutionItems) = preProject
		.editorconfig = .editorconfig
	EndProjectSection
EndProject
Global
	GlobalSection(SolutionConfigurationPlatforms) = preSolution
		Debug|Any CPU = Debug|Any CPU
		Release|Any CPU = Release|Any CPU
	EndGlobalSection
	GlobalSection(ProjectConfigurationPlatforms) = postSolution
		{3F44B3AA-50A4-49CF-B567-EF0BF44AE5C4}.Debug|Any CPU.ActiveCfg = Debug|Any CPU
		{3F44B3AA-50A4-49CF-B567-EF0BF44AE5C4}.Debug|Any CPU.Build.0 = Debug|Any CPU
		{3F44B3AA-50A4-49CF-B567-EF0BF44AE5C4}.Release|Any CPU.ActiveCfg = Release|Any CPU
		{3F44B3AA-50A4-49CF-B567-EF0BF44AE5C4}.Release|Any CPU.Build.0 = Release|Any CPU
	EndGlobalSection
	GlobalSection(SolutionProperties) = preSolution
		HideSolutionNode = FALSE
	EndGlobalSection
	GlobalSection(ExtensibilityGlobals) = postSolution
		SolutionGuid = {7A24830F-A8A8-42BA-9137-2781F8DCC6B2}
	EndGlobalSection
EndGlobal
